cloud.google.com/go v0.19.0 h1:lsRUy6VQM3ZNma0fk7uhGxEQW3pcc9x1aHI2tVcGsYA=
cloud.google.com/go v0.19.0/go.mod h1:aQUYkXzVsufM+DwF1aE+0xfcU+56JwCaLick0ClmMTw=
github.com/golang/protobuf v1.0.0 h1:lsek0oXi8iFE9L+EXARyHIjU5rlWIhhTkjDz3vHhWWQ=
github.com/golang/protobuf v1.0.0/go.mod h1:6lQm79b+lXiMfvg/cZm0SGofjICqVBUtrP5yJMmIC1U=
golang.org/x/net v0.0.0-20180313051257-803fdb99c0f7 h1:PtYs9Z7ef6mXybKkPkD52FfwgfSrqyEURzdLvPfpzCA=
golang.org/x/net v0.0.0-20180313051257-803fdb99c0f7/go.mod h1:mL1N/T3taQHkDXs73rZJwtUhF3w3ftmwwsq0BUmARs4=
golang.org/x/oauth2 v0.0.0-20180312235849-7af32f14d0a2 h1:KMoIEaoOnIyurmeSm5jSv9GyDIzYKcBwc8PS5xuJX/g=
golang.org/x/oauth2 v0.0.0-20180312235849-7af32f14d0a2/go.mod h1:N/0e6XlmueqKjAGxoOufVs8QHGRruUQn6yWY3a++T0U=
google.golang.org/api v0.0.0-20180313183023-c24aa0e5ed34 h1:lJ++nY0NBbLx74DAV3EouJSy/nvY0Cj8jovYQwKyXzM=
google.golang.org/api v0.0.0-20180313183023-c24aa0e5ed34/go.mod h1:4mhQ8q/RsB7i+udVvVy5NUi08OU8ZlA0gRVgrF7VFY0=
google.golang.org/appengine v1.0.0 h1:dN4LljjBKVChsv0XCSI+zbyzdqrkEwX5LQFUMRSGqOc=
google.golang.org/appengine v1.0.0/go.mod h1:EbEs0AVv82hx2wNQdGPgUI5lhzA/G0D9YwlJXL52JkM=
